
Microsoft Visual Studio Solution File, Format Version 12.00
# Visual Studio Version 16
VisualStudioVersion = 16.0.30717.126
MinimumVisualStudioVersion = 10.0.40219.1
Project("{2150E333-8FDC-42A3-9474-1A3956D46DE8}") = "src", "src", "{051296B5-5440-41CC-B992-7D72B86CFE90}"
EndProject
Project("{2150E333-8FDC-42A3-9474-1A3956D46DE8}") = "Music", "Music", "{B4535B85-E54C-482C-B063-42B73ED075A7}"
EndProject
Project("{9A19103F-16F7-4668-BE54-9A1E7A4F7556}") = "Music.API", "src\Music\Music.API\Music.API.csproj", "{42C872AF-DD26-4C83-9BD8-EA004A613D6F}"
EndProject
Project("{9A19103F-16F7-4668-BE54-9A1E7A4F7556}") = "Music.Domain", "src\Music\Music.Domain\Music.Domain.csproj", "{5C534DE5-DBD5-4057-B586-A5D5AEEB310B}"
EndProject
Project("{9A19103F-16F7-4668-BE54-9A1E7A4F7556}") = "Music.Infrastructure", "src\Music\Music.Infrastructure\Music.Infrastructure.csproj", "{D89D6423-B8A5-4380-9738-F960AAD96883}"
EndProject
Project("{9A19103F-16F7-4668-BE54-9A1E7A4F7556}") = "Music.Application", "src\Music\Music.Application\Music.Application.csproj", "{435C9C13-C5B3-46EF-B34E-19EA88246FD1}"
EndProject
Project("{2150E333-8FDC-42A3-9474-1A3956D46DE8}") = "ApiGateway", "ApiGateway", "{AFEF5AD7-4F4E-4DBD-B7B7-50F1C974CE4A}"
EndProject
Project("{9A19103F-16F7-4668-BE54-9A1E7A4F7556}") = "Ocelot.Gateway", "src\ApiGateway\Ocelot.Gateway\Ocelot.Gateway.csproj", "{54A7BC3F-C9C6-4B50-AEEB-296CE2D58402}"
EndProject
Project("{2150E333-8FDC-42A3-9474-1A3956D46DE8}") = "WebApp", "WebApp", "{944A99BF-211E-45E1-A566-3C68BC5CDE34}"
EndProject
Project("{FAE04EC0-301F-11D3-BF4B-00C04F79EFBC}") = "Music.Client", "src\WebApp\Music.Client\Music.Client.csproj", "{77E89C8E-0952-455E-959A-92F2238004B5}"
EndProject
Global
	GlobalSection(SolutionConfigurationPlatforms) = preSolution
		Debug|Any CPU = Debug|Any CPU
		Release|Any CPU = Release|Any CPU
	EndGlobalSection
	GlobalSection(ProjectConfigurationPlatforms) = postSolution
		{42C872AF-DD26-4C83-9BD8-EA004A613D6F}.Debug|Any CPU.ActiveCfg = Debug|Any CPU
		{42C872AF-DD26-4C83-9BD8-EA004A613D6F}.Debug|Any CPU.Build.0 = Debug|Any CPU
		{42C872AF-DD26-4C83-9BD8-EA004A613D6F}.Release|Any CPU.ActiveCfg = Release|Any CPU
		{42C872AF-DD26-4C83-9BD8-EA004A613D6F}.Release|Any CPU.Build.0 = Release|Any CPU
		{5C534DE5-DBD5-4057-B586-A5D5AEEB310B}.Debug|Any CPU.ActiveCfg = Debug|Any CPU
		{5C534DE5-DBD5-4057-B586-A5D5AEEB310B}.Debug|Any CPU.Build.0 = Debug|Any CPU
		{5C534DE5-DBD5-4057-B586-A5D5AEEB310B}.Release|Any CPU.ActiveCfg = Release|Any CPU
		{5C534DE5-DBD5-4057-B586-A5D5AEEB310B}.Release|Any CPU.Build.0 = Release|Any CPU
		{D89D6423-B8A5-4380-9738-F960AAD96883}.Debug|Any CPU.ActiveCfg = Debug|Any CPU
		{D89D6423-B8A5-4380-9738-F960AAD96883}.Debug|Any CPU.Build.0 = Debug|Any CPU
		{D89D6423-B8A5-4380-9738-F960AAD96883}.Release|Any CPU.ActiveCfg = Release|Any CPU
		{D89D6423-B8A5-4380-9738-F960AAD96883}.Release|Any CPU.Build.0 = Release|Any CPU
		{435C9C13-C5B3-46EF-B34E-19EA88246FD1}.Debug|Any CPU.ActiveCfg = Debug|Any CPU
		{435C9C13-C5B3-46EF-B34E-19EA88246FD1}.Debug|Any CPU.Build.0 = Debug|Any CPU
		{435C9C13-C5B3-46EF-B34E-19EA88246FD1}.Release|Any CPU.ActiveCfg = Release|Any CPU
		{435C9C13-C5B3-46EF-B34E-19EA88246FD1}.Release|Any CPU.Build.0 = Release|Any CPU
		{54A7BC3F-C9C6-4B50-AEEB-296CE2D58402}.Debug|Any CPU.ActiveCfg = Debug|Any CPU
		{54A7BC3F-C9C6-4B50-AEEB-296CE2D58402}.Debug|Any CPU.Build.0 = Debug|Any CPU
		{54A7BC3F-C9C6-4B50-AEEB-296CE2D58402}.Release|Any CPU.ActiveCfg = Release|Any CPU
		{54A7BC3F-C9C6-4B50-AEEB-296CE2D58402}.Release|Any CPU.Build.0 = Release|Any CPU
		{77E89C8E-0952-455E-959A-92F2238004B5}.Debug|Any CPU.ActiveCfg = Debug|Any CPU
		{77E89C8E-0952-455E-959A-92F2238004B5}.Debug|Any CPU.Build.0 = Debug|Any CPU
		{77E89C8E-0952-455E-959A-92F2238004B5}.Release|Any CPU.ActiveCfg = Release|Any CPU
		{77E89C8E-0952-455E-959A-92F2238004B5}.Release|Any CPU.Build.0 = Release|Any CPU
	EndGlobalSection
	GlobalSection(SolutionProperties) = preSolution
		HideSolutionNode = FALSE
	EndGlobalSection
	GlobalSection(NestedProjects) = preSolution
		{B4535B85-E54C-482C-B063-42B73ED075A7} = {051296B5-5440-41CC-B992-7D72B86CFE90}
		{42C872AF-DD26-4C83-9BD8-EA004A613D6F} = {B4535B85-E54C-482C-B063-42B73ED075A7}
		{5C534DE5-DBD5-4057-B586-A5D5AEEB310B} = {B4535B85-E54C-482C-B063-42B73ED075A7}
		{D89D6423-B8A5-4380-9738-F960AAD96883} = {B4535B85-E54C-482C-B063-42B73ED075A7}
		{435C9C13-C5B3-46EF-B34E-19EA88246FD1} = {B4535B85-E54C-482C-B063-42B73ED075A7}
		{AFEF5AD7-4F4E-4DBD-B7B7-50F1C974CE4A} = {051296B5-5440-41CC-B992-7D72B86CFE90}
		{54A7BC3F-C9C6-4B50-AEEB-296CE2D58402} = {AFEF5AD7-4F4E-4DBD-B7B7-50F1C974CE4A}
		{944A99BF-211E-45E1-A566-3C68BC5CDE34} = {051296B5-5440-41CC-B992-7D72B86CFE90}
		{77E89C8E-0952-455E-959A-92F2238004B5} = {944A99BF-211E-45E1-A566-3C68BC5CDE34}
	EndGlobalSection
	GlobalSection(ExtensibilityGlobals) = postSolution
		SolutionGuid = {20B92915-4D11-4276-99D5-EF19884C3144}
	EndGlobalSection
EndGlobal
